
Microsoft Visual Studio Solution File, Format Version 12.00
# Visual Studio Version 17
VisualStudioVersion = 17.1.32328.378
MinimumVisualStudioVersion = 10.0.40219.1
Project("{FAE04EC0-301F-11D3-BF4B-00C04F79EFBC}") = "Shelli", "Shelli\Shelli.csproj", "{5807130A-4599-4CD7-93CC-87BD8DC8F7C0}"
EndProject
Project("{FAE04EC0-301F-11D3-BF4B-00C04F79EFBC}") = "Test", "Test\Test.csproj", "{BD6C2104-DBCB-43C0-A8C0-EEF9C279C56E}"
EndProject
Project("{FAE04EC0-301F-11D3-BF4B-00C04F79EFBC}") = "Test.Shared", "Test.Shared\Test.Shared.csproj", "{AC913C1E-5F0E-4149-88E4-75FB88182E81}"
EndProject
Project("{FAE04EC0-301F-11D3-BF4B-00C04F79EFBC}") = "Test.Automated", "Test.Automated\Test.Automated.csproj", "{31761808-5C51-4823-A697-C3890D756B8C}"
EndProject
Project("{FAE04EC0-301F-11D3-BF4B-00C04F79EFBC}") = "Test.Xunit", "Test.Xunit\Test.Xunit.csproj", "{958E9B6A-E38C-4043-B78B-004333B9E585}"
EndProject
Project("{FAE04EC0-301F-11D3-BF4B-00C04F79EFBC}") = "Test.Nunit", "Test.Nunit\Test.Nunit.csproj", "{5F407FDB-D49E-4032-B235-62FD6298EB3A}"
EndProject
Global
	GlobalSection(SolutionConfigurationPlatforms) = preSolution
		Debug|Any CPU = Debug|Any CPU
		Debug|x64 = Debug|x64
		Debug|x86 = Debug|x86
		Release|Any CPU = Release|Any CPU
		Release|x64 = Release|x64
		Release|x86 = Release|x86
	EndGlobalSection
	GlobalSection(ProjectConfigurationPlatforms) = postSolution
		{5807130A-4599-4CD7-93CC-87BD8DC8F7C0}.Debug|Any CPU.ActiveCfg = Debug|Any CPU
		{5807130A-4599-4CD7-93CC-87BD8DC8F7C0}.Debug|Any CPU.Build.0 = Debug|Any CPU
		{5807130A-4599-4CD7-93CC-87BD8DC8F7C0}.Debug|x64.ActiveCfg = Debug|Any CPU
		{5807130A-4599-4CD7-93CC-87BD8DC8F7C0}.Debug|x64.Build.0 = Debug|Any CPU
		{5807130A-4599-4CD7-93CC-87BD8DC8F7C0}.Debug|x86.ActiveCfg = Debug|Any CPU
		{5807130A-4599-4CD7-93CC-87BD8DC8F7C0}.Debug|x86.Build.0 = Debug|Any CPU
		{5807130A-4599-4CD7-93CC-87BD8DC8F7C0}.Release|Any CPU.ActiveCfg = Release|Any CPU
		{5807130A-4599-4CD7-93CC-87BD8DC8F7C0}.Release|Any CPU.Build.0 = Release|Any CPU
		{5807130A-4599-4CD7-93CC-87BD8DC8F7C0}.Release|x64.ActiveCfg = Release|Any CPU
		{5807130A-4599-4CD7-93CC-87BD8DC8F7C0}.Release|x64.Build.0 = Release|Any CPU
		{5807130A-4599-4CD7-93CC-87BD8DC8F7C0}.Release|x86.ActiveCfg = Release|Any CPU
		{5807130A-4599-4CD7-93CC-87BD8DC8F7C0}.Release|x86.Build.0 = Release|Any CPU
		{BD6C2104-DBCB-43C0-A8C0-EEF9C279C56E}.Debug|Any CPU.ActiveCfg = Debug|Any CPU
		{BD6C2104-DBCB-43C0-A8C0-EEF9C279C56E}.Debug|Any CPU.Build.0 = Debug|Any CPU
		{BD6C2104-DBCB-43C0-A8C0-EEF9C279C56E}.Debug|x64.ActiveCfg = Debug|Any CPU
		{BD6C2104-DBCB-43C0-A8C0-EEF9C279C56E}.Debug|x64.Build.0 = Debug|Any CPU
		{BD6C2104-DBCB-43C0-A8C0-EEF9C279C56E}.Debug|x86.ActiveCfg = Debug|Any CPU
		{BD6C2104-DBCB-43C0-A8C0-EEF9C279C56E}.Debug|x86.Build.0 = Debug|Any CPU
		{BD6C2104-DBCB-43C0-A8C0-EEF9C279C56E}.Release|Any CPU.ActiveCfg = Release|Any CPU
		{BD6C2104-DBCB-43C0-A8C0-EEF9C279C56E}.Release|Any CPU.Build.0 = Release|Any CPU
		{BD6C2104-DBCB-43C0-A8C0-EEF9C279C56E}.Release|x64.ActiveCfg = Release|Any CPU
		{BD6C2104-DBCB-43C0-A8C0-EEF9C279C56E}.Release|x64.Build.0 = Release|Any CPU
		{BD6C2104-DBCB-43C0-A8C0-EEF9C279C56E}.Release|x86.ActiveCfg = Release|Any CPU
		{BD6C2104-DBCB-43C0-A8C0-EEF9C279C56E}.Release|x86.Build.0 = Release|Any CPU
		{AC913C1E-5F0E-4149-88E4-75FB88182E81}.Debug|Any CPU.ActiveCfg = Debug|Any CPU
		{AC913C1E-5F0E-4149-88E4-75FB88182E81}.Debug|Any CPU.Build.0 = Debug|Any CPU
		{AC913C1E-5F0E-4149-88E4-75FB88182E81}.Debug|x64.ActiveCfg = Debug|Any CPU
		{AC913C1E-5F0E-4149-88E4-75FB88182E81}.Debug|x64.Build.0 = Debug|Any CPU
		{AC913C1E-5F0E-4149-88E4-75FB88182E81}.Debug|x86.ActiveCfg = Debug|Any CPU
		{AC913C1E-5F0E-4149-88E4-75FB88182E81}.Debug|x86.Build.0 = Debug|Any CPU
		{AC913C1E-5F0E-4149-88E4-75FB88182E81}.Release|Any CPU.ActiveCfg = Release|Any CPU
		{AC913C1E-5F0E-4149-88E4-75FB88182E81}.Release|Any CPU.Build.0 = Release|Any CPU
		{AC913C1E-5F0E-4149-88E4-75FB88182E81}.Release|x64.ActiveCfg = Release|Any CPU
		{AC913C1E-5F0E-4149-88E4-75FB88182E81}.Release|x64.Build.0 = Release|Any CPU
		{AC913C1E-5F0E-4149-88E4-75FB88182E81}.Release|x86.ActiveCfg = Release|Any CPU
		{AC913C1E-5F0E-4149-88E4-75FB88182E81}.Release|x86.Build.0 = Release|Any CPU
		{31761808-5C51-4823-A697-C3890D756B8C}.Debug|Any CPU.ActiveCfg = Debug|Any CPU
		{31761808-5C51-4823-A697-C3890D756B8C}.Debug|Any CPU.Build.0 = Debug|Any CPU
		{31761808-5C51-4823-A697-C3890D756B8C}.Debug|x64.ActiveCfg = Debug|Any CPU
		{31761808-5C51-4823-A697-C3890D756B8C}.Debug|x64.Build.0 = Debug|Any CPU
		{31761808-5C51-4823-A697-C3890D756B8C}.Debug|x86.ActiveCfg = Debug|Any CPU
		{31761808-5C51-4823-A697-C3890D756B8C}.Debug|x86.Build.0 = Debug|Any CPU
		{31761808-5C51-4823-A697-C3890D756B8C}.Release|Any CPU.ActiveCfg = Release|Any CPU
		{31761808-5C51-4823-A697-C3890D756B8C}.Release|Any CPU.Build.0 = Release|Any CPU
		{31761808-5C51-4823-A697-C3890D756B8C}.Release|x64.ActiveCfg = Release|Any CPU
		{31761808-5C51-4823-A697-C3890D756B8C}.Release|x64.Build.0 = Release|Any CPU
		{31761808-5C51-4823-A697-C3890D756B8C}.Release|x86.ActiveCfg = Release|Any CPU
		{31761808-5C51-4823-A697-C3890D756B8C}.Release|x86.Build.0 = Release|Any CPU
		{958E9B6A-E38C-4043-B78B-004333B9E585}.Debug|Any CPU.ActiveCfg = Debug|Any CPU
		{958E9B6A-E38C-4043-B78B-004333B9E585}.Debug|Any CPU.Build.0 = Debug|Any CPU
		{958E9B6A-E38C-4043-B78B-004333B9E585}.Debug|x64.ActiveCfg = Debug|Any CPU
		{958E9B6A-E38C-4043-B78B-004333B9E585}.Debug|x64.Build.0 = Debug|Any CPU
		{958E9B6A-E38C-4043-B78B-004333B9E585}.Debug|x86.ActiveCfg = Debug|Any CPU
		{958E9B6A-E38C-4043-B78B-004333B9E585}.Debug|x86.Build.0 = Debug|Any CPU
		{958E9B6A-E38C-4043-B78B-004333B9E585}.Release|Any CPU.ActiveCfg = Release|Any CPU
		{958E9B6A-E38C-4043-B78B-004333B9E585}.Release|Any CPU.Build.0 = Release|Any CPU
		{958E9B6A-E38C-4043-B78B-004333B9E585}.Release|x64.ActiveCfg = Release|Any CPU
		{958E9B6A-E38C-4043-B78B-004333B9E585}.Release|x64.Build.0 = Release|Any CPU
		{958E9B6A-E38C-4043-B78B-004333B9E585}.Release|x86.ActiveCfg = Release|Any CPU
		{958E9B6A-E38C-4043-B78B-004333B9E585}.Release|x86.Build.0 = Release|Any CPU
		{5F407FDB-D49E-4032-B235-62FD6298EB3A}.Debug|Any CPU.ActiveCfg = Debug|Any CPU
		{5F407FDB-D49E-4032-B235-62FD6298EB3A}.Debug|Any CPU.Build.0 = Debug|Any CPU
		{5F407FDB-D49E-4032-B235-62FD6298EB3A}.Debug|x64.ActiveCfg = Debug|Any CPU
		{5F407FDB-D49E-4032-B235-62FD6298EB3A}.Debug|x64.Build.0 = Debug|Any CPU
		{5F407FDB-D49E-4032-B235-62FD6298EB3A}.Debug|x86.ActiveCfg = Debug|Any CPU
		{5F407FDB-D49E-4032-B235-62FD6298EB3A}.Debug|x86.Build.0 = Debug|Any CPU
		{5F407FDB-D49E-4032-B235-62FD6298EB3A}.Release|Any CPU.ActiveCfg = Release|Any CPU
		{5F407FDB-D49E-4032-B235-62FD6298EB3A}.Release|Any CPU.Build.0 = Release|Any CPU
		{5F407FDB-D49E-4032-B235-62FD6298EB3A}.Release|x64.ActiveCfg = Release|Any CPU
		{5F407FDB-D49E-4032-B235-62FD6298EB3A}.Release|x64.Build.0 = Release|Any CPU
		{5F407FDB-D49E-4032-B235-62FD6298EB3A}.Release|x86.ActiveCfg = Release|Any CPU
		{5F407FDB-D49E-4032-B235-62FD6298EB3A}.Release|x86.Build.0 = Release|Any CPU
	EndGlobalSection
	GlobalSection(SolutionProperties) = preSolution
		HideSolutionNode = FALSE
	EndGlobalSection
	GlobalSection(ExtensibilityGlobals) = postSolution
		SolutionGuid = {86334C1D-1950-401B-9122-69EBADAE3969}
	EndGlobalSection
EndGlobal
